
Microsoft Visual Studio Solution File, Format Version 12.00
# Visual Studio Version 17
VisualStudioVersion = 17.10.35027.167
MinimumVisualStudioVersion = 10.0.40219.1
Project("{FAE04EC0-301F-11D3-BF4B-00C04F79EFBC}") = "SaleFlex.POS", "SaleFlex.POS\SaleFlex.POS.csproj", "{966A42CF-93F4-4826-9097-DA603AF6602F}"
EndProject
Project("{FAE04EC0-301F-11D3-BF4B-00C04F79EFBC}") = "SaleFlex.CommonLibrary", "SaleFlex.CommonLibrary\SaleFlex.CommonLibrary.csproj", "{F7EDE2A5-CFB9-42CA-B422-8F5A7B2115B9}"
EndProject
Project("{FAE04EC0-301F-11D3-BF4B-00C04F79EFBC}") = "SaleFlex.Data", "SaleFlex.Data\SaleFlex.Data.csproj", "{43B10EC8-411F-4830-89CE-75893EF7EA32}"
EndProject
Project("{FAE04EC0-301F-11D3-BF4B-00C04F79EFBC}") = "SaleFlex.Data.AccessLayer", "SaleFlex.Data.AccessLayer\SaleFlex.Data.AccessLayer.csproj", "{B626D459-8DCE-4EE8-9B4C-A50258024CB3}"
EndProject
Project("{FAE04EC0-301F-11D3-BF4B-00C04F79EFBC}") = "SaleFlex.Data.Initialize", "SaleFlex.Data.Initialize\SaleFlex.Data.Initialize.csproj", "{860608BC-7D0F-4979-9FCD-E1871DD04E53}"
EndProject
Project("{FAE04EC0-301F-11D3-BF4B-00C04F79EFBC}") = "SaleFlex.Data.Models", "SaleFlex.Data.Model\SaleFlex.Data.Models.csproj", "{5BCF5CF1-6628-44D9-A09D-175CF3242FA7}"
EndProject
Project("{FAE04EC0-301F-11D3-BF4B-00C04F79EFBC}") = "SaleFlex.Data.SQLite", "SaleFlex.Data.SQLite\SaleFlex.Data.SQLite.csproj", "{0CA547FA-ABE4-4B4D-B3AA-C3C922533946}"
EndProject
Project("{FAE04EC0-301F-11D3-BF4B-00C04F79EFBC}") = "SaleFlex.LogViewer", "SaleFlex.LogViewer\SaleFlex.LogViewer.csproj", "{5AD21E4C-1427-4301-A94B-904D3B2DF376}"
EndProject
Project("{FAE04EC0-301F-11D3-BF4B-00C04F79EFBC}") = "SaleFlex.POS.Device.Manager", "SaleFlex.POS.Device.Manager\SaleFlex.POS.Device.Manager.csproj", "{F70888D6-FE67-4F1E-B887-088A78509914}"
EndProject
Project("{FAE04EC0-301F-11D3-BF4B-00C04F79EFBC}") = "SaleFlex.POS.Document", "SaleFlex.POS.Document\SaleFlex.POS.Document.csproj", "{E855676A-DD6E-43AD-BA8D-3AE508224805}"
EndProject
Project("{FAE04EC0-301F-11D3-BF4B-00C04F79EFBC}") = "SaleFlex.POS.Manager", "SaleFlex.POS.Manager\SaleFlex.POS.Manager.csproj", "{237CFBC2-E519-4210-823E-7138B37811FF}"
EndProject
Project("{FAE04EC0-301F-11D3-BF4B-00C04F79EFBC}") = "SaleFlex.UserInterface.BoxForm", "SaleFlex.UserInterface.BoxForm\SaleFlex.UserInterface.BoxForm.csproj", "{94B9816B-6610-4EFF-8D02-0AB175FBB97A}"
EndProject
Project("{FAE04EC0-301F-11D3-BF4B-00C04F79EFBC}") = "SaleFlex.UserInterface.Constanst", "SaleFlex.UserInterface.Constanst\SaleFlex.UserInterface.Constanst.csproj", "{AE095A11-4493-4F85-975D-2DAC8C7BDB27}"
EndProject
Project("{FAE04EC0-301F-11D3-BF4B-00C04F79EFBC}") = "SaleFlex.UserInterface.Controls", "SaleFlex.UserInterface.Control\SaleFlex.UserInterface.Controls.csproj", "{041E48A1-08C3-47CE-BC26-3AFF2D11D6A2}"
EndProject
Project("{FAE04EC0-301F-11D3-BF4B-00C04F79EFBC}") = "SaleFlex.UserInterface.Data", "SaleFlex.UserInterface.Data\SaleFlex.UserInterface.Data.csproj", "{86715BDD-74CC-4437-B0BC-9F1D72AA54D0}"
EndProject
Project("{FAE04EC0-301F-11D3-BF4B-00C04F79EFBC}") = "SaleFlex.UserInterface.Manager", "SaleFlex.UserInterface.Manager\SaleFlex.UserInterface.Manager.csproj", "{4370D0F4-97A8-4772-9878-7A6A2C77BC38}"
EndProject
Project("{FAE04EC0-301F-11D3-BF4B-00C04F79EFBC}") = "SaleFlex.Windows", "SaleFlex.Windows\SaleFlex.Windows.csproj", "{DC1BD6EB-9CF3-4D23-8CC9-F7E8A7717785}"
EndProject
Global
	GlobalSection(SolutionConfigurationPlatforms) = preSolution
		Debug|Any CPU = Debug|Any CPU
		Debug|x64 = Debug|x64
		Debug|x86 = Debug|x86
		Release|Any CPU = Release|Any CPU
		Release|x64 = Release|x64
		Release|x86 = Release|x86
	EndGlobalSection
	GlobalSection(ProjectConfigurationPlatforms) = postSolution
		{966A42CF-93F4-4826-9097-DA603AF6602F}.Debug|Any CPU.ActiveCfg = Debug|Any CPU
		{966A42CF-93F4-4826-9097-DA603AF6602F}.Debug|Any CPU.Build.0 = Debug|Any CPU
		{966A42CF-93F4-4826-9097-DA603AF6602F}.Debug|x64.ActiveCfg = Debug|x64
		{966A42CF-93F4-4826-9097-DA603AF6602F}.Debug|x64.Build.0 = Debug|x64
		{966A42CF-93F4-4826-9097-DA603AF6602F}.Debug|x86.ActiveCfg = Debug|x86
		{966A42CF-93F4-4826-9097-DA603AF6602F}.Debug|x86.Build.0 = Debug|x86
		{966A42CF-93F4-4826-9097-DA603AF6602F}.Release|Any CPU.ActiveCfg = Release|Any CPU
		{966A42CF-93F4-4826-9097-DA603AF6602F}.Release|Any CPU.Build.0 = Release|Any CPU
		{966A42CF-93F4-4826-9097-DA603AF6602F}.Release|x64.ActiveCfg = Release|x64
		{966A42CF-93F4-4826-9097-DA603AF6602F}.Release|x64.Build.0 = Release|x64
		{966A42CF-93F4-4826-9097-DA603AF6602F}.Release|x86.ActiveCfg = Release|x86
		{966A42CF-93F4-4826-9097-DA603AF6602F}.Release|x86.Build.0 = Release|x86
		{F7EDE2A5-CFB9-42CA-B422-8F5A7B2115B9}.Debug|Any CPU.ActiveCfg = Debug|Any CPU
		{F7EDE2A5-CFB9-42CA-B422-8F5A7B2115B9}.Debug|Any CPU.Build.0 = Debug|Any CPU
		{F7EDE2A5-CFB9-42CA-B422-8F5A7B2115B9}.Debug|x64.ActiveCfg = Debug|x64
		{F7EDE2A5-CFB9-42CA-B422-8F5A7B2115B9}.Debug|x64.Build.0 = Debug|x64
		{F7EDE2A5-CFB9-42CA-B422-8F5A7B2115B9}.Debug|x86.ActiveCfg = Debug|x86
		{F7EDE2A5-CFB9-42CA-B422-8F5A7B2115B9}.Debug|x86.Build.0 = Debug|x86
		{F7EDE2A5-CFB9-42CA-B422-8F5A7B2115B9}.Release|Any CPU.ActiveCfg = Release|Any CPU
		{F7EDE2A5-CFB9-42CA-B422-8F5A7B2115B9}.Release|Any CPU.Build.0 = Release|Any CPU
		{F7EDE2A5-CFB9-42CA-B422-8F5A7B2115B9}.Release|x64.ActiveCfg = Release|x64
		{F7EDE2A5-CFB9-42CA-B422-8F5A7B2115B9}.Release|x64.Build.0 = Release|x64
		{F7EDE2A5-CFB9-42CA-B422-8F5A7B2115B9}.Release|x86.ActiveCfg = Release|x86
		{F7EDE2A5-CFB9-42CA-B422-8F5A7B2115B9}.Release|x86.Build.0 = Release|x86
		{43B10EC8-411F-4830-89CE-75893EF7EA32}.Debug|Any CPU.ActiveCfg = Debug|Any CPU
		{43B10EC8-411F-4830-89CE-75893EF7EA32}.Debug|Any CPU.Build.0 = Debug|Any CPU
		{43B10EC8-411F-4830-89CE-75893EF7EA32}.Debug|x64.ActiveCfg = Debug|x64
		{43B10EC8-411F-4830-89CE-75893EF7EA32}.Debug|x64.Build.0 = Debug|x64
		{43B10EC8-411F-4830-89CE-75893EF7EA32}.Debug|x86.ActiveCfg = Debug|x86
		{43B10EC8-411F-4830-89CE-75893EF7EA32}.Debug|x86.Build.0 = Debug|x86
		{43B10EC8-411F-4830-89CE-75893EF7EA32}.Release|Any CPU.ActiveCfg = Release|Any CPU
		{43B10EC8-411F-4830-89CE-75893EF7EA32}.Release|Any CPU.Build.0 = Release|Any CPU
		{43B10EC8-411F-4830-89CE-75893EF7EA32}.Release|x64.ActiveCfg = Release|x64
		{43B10EC8-411F-4830-89CE-75893EF7EA32}.Release|x64.Build.0 = Release|x64
		{43B10EC8-411F-4830-89CE-75893EF7EA32}.Release|x86.ActiveCfg = Release|x86
		{43B10EC8-411F-4830-89CE-75893EF7EA32}.Release|x86.Build.0 = Release|x86
		{B626D459-8DCE-4EE8-9B4C-A50258024CB3}.Debug|Any CPU.ActiveCfg = Debug|Any CPU
		{B626D459-8DCE-4EE8-9B4C-A50258024CB3}.Debug|Any CPU.Build.0 = Debug|Any CPU
		{B626D459-8DCE-4EE8-9B4C-A50258024CB3}.Debug|x64.ActiveCfg = Debug|x64
		{B626D459-8DCE-4EE8-9B4C-A50258024CB3}.Debug|x64.Build.0 = Debug|x64
		{B626D459-8DCE-4EE8-9B4C-A50258024CB3}.Debug|x86.ActiveCfg = Debug|x86
		{B626D459-8DCE-4EE8-9B4C-A50258024CB3}.Debug|x86.Build.0 = Debug|x86
		{B626D459-8DCE-4EE8-9B4C-A50258024CB3}.Release|Any CPU.ActiveCfg = Release|Any CPU
		{B626D459-8DCE-4EE8-9B4C-A50258024CB3}.Release|Any CPU.Build.0 = Release|Any CPU
		{B626D459-8DCE-4EE8-9B4C-A50258024CB3}.Release|x64.ActiveCfg = Release|x64
		{B626D459-8DCE-4EE8-9B4C-A50258024CB3}.Release|x64.Build.0 = Release|x64
		{B626D459-8DCE-4EE8-9B4C-A50258024CB3}.Release|x86.ActiveCfg = Release|x86
		{B626D459-8DCE-4EE8-9B4C-A50258024CB3}.Release|x86.Build.0 = Release|x86
		{860608BC-7D0F-4979-9FCD-E1871DD04E53}.Debug|Any CPU.ActiveCfg = Debug|Any CPU
		{860608BC-7D0F-4979-9FCD-E1871DD04E53}.Debug|Any CPU.Build.0 = Debug|Any CPU
		{860608BC-7D0F-4979-9FCD-E1871DD04E53}.Debug|x64.ActiveCfg = Debug|x64
		{860608BC-7D0F-4979-9FCD-E1871DD04E53}.Debug|x64.Build.0 = Debug|x64
		{860608BC-7D0F-4979-9FCD-E1871DD04E53}.Debug|x86.ActiveCfg = Debug|x86
		{860608BC-7D0F-4979-9FCD-E1871DD04E53}.Debug|x86.Build.0 = Debug|x86
		{860608BC-7D0F-4979-9FCD-E1871DD04E53}.Release|Any CPU.ActiveCfg = Release|Any CPU
		{860608BC-7D0F-4979-9FCD-E1871DD04E53}.Release|Any CPU.Build.0 = Release|Any CPU
		{860608BC-7D0F-4979-9FCD-E1871DD04E53}.Release|x64.ActiveCfg = Release|x64
		{860608BC-7D0F-4979-9FCD-E1871DD04E53}.Release|x64.Build.0 = Release|x64
		{860608BC-7D0F-4979-9FCD-E1871DD04E53}.Release|x86.ActiveCfg = Release|x86
		{860608BC-7D0F-4979-9FCD-E1871DD04E53}.Release|x86.Build.0 = Release|x86
		{5BCF5CF1-6628-44D9-A09D-175CF3242FA7}.Debug|Any CPU.ActiveCfg = Debug|Any CPU
		{5BCF5CF1-6628-44D9-A09D-175CF3242FA7}.Debug|Any CPU.Build.0 = Debug|Any CPU
		{5BCF5CF1-6628-44D9-A09D-175CF3242FA7}.Debug|x64.ActiveCfg = Debug|x64
		{5BCF5CF1-6628-44D9-A09D-175CF3242FA7}.Debug|x64.Build.0 = Debug|x64
		{5BCF5CF1-6628-44D9-A09D-175CF3242FA7}.Debug|x86.ActiveCfg = Debug|x86
		{5BCF5CF1-6628-44D9-A09D-175CF3242FA7}.Debug|x86.Build.0 = Debug|x86
		{5BCF5CF1-6628-44D9-A09D-175CF3242FA7}.Release|Any CPU.ActiveCfg = Release|Any CPU
		{5BCF5CF1-6628-44D9-A09D-175CF3242FA7}.Release|Any CPU.Build.0 = Release|Any CPU
		{5BCF5CF1-6628-44D9-A09D-175CF3242FA7}.Release|x64.ActiveCfg = Release|x64
		{5BCF5CF1-6628-44D9-A09D-175CF3242FA7}.Release|x64.Build.0 = Release|x64
		{5BCF5CF1-6628-44D9-A09D-175CF3242FA7}.Release|x86.ActiveCfg = Release|x86
		{5BCF5CF1-6628-44D9-A09D-175CF3242FA7}.Release|x86.Build.0 = Release|x86
		{0CA547FA-ABE4-4B4D-B3AA-C3C922533946}.Debug|Any CPU.ActiveCfg = Debug|Any CPU
		{0CA547FA-ABE4-4B4D-B3AA-C3C922533946}.Debug|Any CPU.Build.0 = Debug|Any CPU
		{0CA547FA-ABE4-4B4D-B3AA-C3C922533946}.Debug|x64.ActiveCfg = Debug|x64
		{0CA547FA-ABE4-4B4D-B3AA-C3C922533946}.Debug|x64.Build.0 = Debug|x64
		{0CA547FA-ABE4-4B4D-B3AA-C3C922533946}.Debug|x86.ActiveCfg = Debug|x86
		{0CA547FA-ABE4-4B4D-B3AA-C3C922533946}.Debug|x86.Build.0 = Debug|x86
		{0CA547FA-ABE4-4B4D-B3AA-C3C922533946}.Release|Any CPU.ActiveCfg = Release|Any CPU
		{0CA547FA-ABE4-4B4D-B3AA-C3C922533946}.Release|Any CPU.Build.0 = Release|Any CPU
		{0CA547FA-ABE4-4B4D-B3AA-C3C922533946}.Release|x64.ActiveCfg = Release|x64
		{0CA547FA-ABE4-4B4D-B3AA-C3C922533946}.Release|x64.Build.0 = Release|x64
		{0CA547FA-ABE4-4B4D-B3AA-C3C922533946}.Release|x86.ActiveCfg = Release|x86
		{0CA547FA-ABE4-4B4D-B3AA-C3C922533946}.Release|x86.Build.0 = Release|x86
		{5AD21E4C-1427-4301-A94B-904D3B2DF376}.Debug|Any CPU.ActiveCfg = Debug|Any CPU
		{5AD21E4C-1427-4301-A94B-904D3B2DF376}.Debug|Any CPU.Build.0 = Debug|Any CPU
		{5AD21E4C-1427-4301-A94B-904D3B2DF376}.Debug|x64.ActiveCfg = Debug|x64
		{5AD21E4C-1427-4301-A94B-904D3B2DF376}.Debug|x64.Build.0 = Debug|x64
		{5AD21E4C-1427-4301-A94B-904D3B2DF376}.Debug|x86.ActiveCfg = Debug|x86
		{5AD21E4C-1427-4301-A94B-904D3B2DF376}.Debug|x86.Build.0 = Debug|x86
		{5AD21E4C-1427-4301-A94B-904D3B2DF376}.Release|Any CPU.ActiveCfg = Release|Any CPU
		{5AD21E4C-1427-4301-A94B-904D3B2DF376}.Release|Any CPU.Build.0 = Release|Any CPU
		{5AD21E4C-1427-4301-A94B-904D3B2DF376}.Release|x64.ActiveCfg = Release|x64
		{5AD21E4C-1427-4301-A94B-904D3B2DF376}.Release|x64.Build.0 = Release|x64
		{5AD21E4C-1427-4301-A94B-904D3B2DF376}.Release|x86.ActiveCfg = Release|x86
		{5AD21E4C-1427-4301-A94B-904D3B2DF376}.Release|x86.Build.0 = Release|x86
		{F70888D6-FE67-4F1E-B887-088A78509914}.Debug|Any CPU.ActiveCfg = Debug|Any CPU
		{F70888D6-FE67-4F1E-B887-088A78509914}.Debug|Any CPU.Build.0 = Debug|Any CPU
		{F70888D6-FE67-4F1E-B887-088A78509914}.Debug|x64.ActiveCfg = Debug|x64
		{F70888D6-FE67-4F1E-B887-088A78509914}.Debug|x64.Build.0 = Debug|x64
		{F70888D6-FE67-4F1E-B887-088A78509914}.Debug|x86.ActiveCfg = Debug|x86
		{F70888D6-FE67-4F1E-B887-088A78509914}.Debug|x86.Build.0 = Debug|x86
		{F70888D6-FE67-4F1E-B887-088A78509914}.Release|Any CPU.ActiveCfg = Release|Any CPU
		{F70888D6-FE67-4F1E-B887-088A78509914}.Release|Any CPU.Build.0 = Release|Any CPU
		{F70888D6-FE67-4F1E-B887-088A78509914}.Release|x64.ActiveCfg = Release|x64
		{F70888D6-FE67-4F1E-B887-088A78509914}.Release|x64.Build.0 = Release|x64
		{F70888D6-FE67-4F1E-B887-088A78509914}.Release|x86.ActiveCfg = Release|x86
		{F70888D6-FE67-4F1E-B887-088A78509914}.Release|x86.Build.0 = Release|x86
		{E855676A-DD6E-43AD-BA8D-3AE508224805}.Debug|Any CPU.ActiveCfg = Debug|Any CPU
		{E855676A-DD6E-43AD-BA8D-3AE508224805}.Debug|Any CPU.Build.0 = Debug|Any CPU
		{E855676A-DD6E-43AD-BA8D-3AE508224805}.Debug|x64.ActiveCfg = Debug|x64
		{E855676A-DD6E-43AD-BA8D-3AE508224805}.Debug|x64.Build.0 = Debug|x64
		{E855676A-DD6E-43AD-BA8D-3AE508224805}.Debug|x86.ActiveCfg = Debug|x86
		{E855676A-DD6E-43AD-BA8D-3AE508224805}.Debug|x86.Build.0 = Debug|x86
		{E855676A-DD6E-43AD-BA8D-3AE508224805}.Release|Any CPU.ActiveCfg = Release|Any CPU
		{E855676A-DD6E-43AD-BA8D-3AE508224805}.Release|Any CPU.Build.0 = Release|Any CPU
		{E855676A-DD6E-43AD-BA8D-3AE508224805}.Release|x64.ActiveCfg = Release|x64
		{E855676A-DD6E-43AD-BA8D-3AE508224805}.Release|x64.Build.0 = Release|x64
		{E855676A-DD6E-43AD-BA8D-3AE508224805}.Release|x86.ActiveCfg = Release|x86
		{E855676A-DD6E-43AD-BA8D-3AE508224805}.Release|x86.Build.0 = Release|x86
		{237CFBC2-E519-4210-823E-7138B37811FF}.Debug|Any CPU.ActiveCfg = Debug|Any CPU
		{237CFBC2-E519-4210-823E-7138B37811FF}.Debug|Any CPU.Build.0 = Debug|Any CPU
		{237CFBC2-E519-4210-823E-7138B37811FF}.Debug|x64.ActiveCfg = Debug|x64
		{237CFBC2-E519-4210-823E-7138B37811FF}.Debug|x64.Build.0 = Debug|x64
		{237CFBC2-E519-4210-823E-7138B37811FF}.Debug|x86.ActiveCfg = Debug|x86
		{237CFBC2-E519-4210-823E-7138B37811FF}.Debug|x86.Build.0 = Debug|x86
		{237CFBC2-E519-4210-823E-7138B37811FF}.Release|Any CPU.ActiveCfg = Release|Any CPU
		{237CFBC2-E519-4210-823E-7138B37811FF}.Release|Any CPU.Build.0 = Release|Any CPU
		{237CFBC2-E519-4210-823E-7138B37811FF}.Release|x64.ActiveCfg = Release|x64
		{237CFBC2-E519-4210-823E-7138B37811FF}.Release|x64.Build.0 = Release|x64
		{237CFBC2-E519-4210-823E-7138B37811FF}.Release|x86.ActiveCfg = Release|x86
		{237CFBC2-E519-4210-823E-7138B37811FF}.Release|x86.Build.0 = Release|x86
		{94B9816B-6610-4EFF-8D02-0AB175FBB97A}.Debug|Any CPU.ActiveCfg = Debug|Any CPU
		{94B9816B-6610-4EFF-8D02-0AB175FBB97A}.Debug|Any CPU.Build.0 = Debug|Any CPU
		{94B9816B-6610-4EFF-8D02-0AB175FBB97A}.Debug|x64.ActiveCfg = Debug|x64
		{94B9816B-6610-4EFF-8D02-0AB175FBB97A}.Debug|x64.Build.0 = Debug|x64
		{94B9816B-6610-4EFF-8D02-0AB175FBB97A}.Debug|x86.ActiveCfg = Debug|x86
		{94B9816B-6610-4EFF-8D02-0AB175FBB97A}.Debug|x86.Build.0 = Debug|x86
		{94B9816B-6610-4EFF-8D02-0AB175FBB97A}.Release|Any CPU.ActiveCfg = Release|Any CPU
		{94B9816B-6610-4EFF-8D02-0AB175FBB97A}.Release|Any CPU.Build.0 = Release|Any CPU
		{94B9816B-6610-4EFF-8D02-0AB175FBB97A}.Release|x64.ActiveCfg = Release|x64
		{94B9816B-6610-4EFF-8D02-0AB175FBB97A}.Release|x64.Build.0 = Release|x64
		{94B9816B-6610-4EFF-8D02-0AB175FBB97A}.Release|x86.ActiveCfg = Release|x86
		{94B9816B-6610-4EFF-8D02-0AB175FBB97A}.Release|x86.Build.0 = Release|x86
		{AE095A11-4493-4F85-975D-2DAC8C7BDB27}.Debug|Any CPU.ActiveCfg = Debug|Any CPU
		{AE095A11-4493-4F85-975D-2DAC8C7BDB27}.Debug|Any CPU.Build.0 = Debug|Any CPU
		{AE095A11-4493-4F85-975D-2DAC8C7BDB27}.Debug|x64.ActiveCfg = Debug|x64
		{AE095A11-4493-4F85-975D-2DAC8C7BDB27}.Debug|x64.Build.0 = Debug|x64
		{AE095A11-4493-4F85-975D-2DAC8C7BDB27}.Debug|x86.ActiveCfg = Debug|x86
		{AE095A11-4493-4F85-975D-2DAC8C7BDB27}.Debug|x86.Build.0 = Debug|x86
		{AE095A11-4493-4F85-975D-2DAC8C7BDB27}.Release|Any CPU.ActiveCfg = Release|Any CPU
		{AE095A11-4493-4F85-975D-2DAC8C7BDB27}.Release|Any CPU.Build.0 = Release|Any CPU
		{AE095A11-4493-4F85-975D-2DAC8C7BDB27}.Release|x64.ActiveCfg = Release|x64
		{AE095A11-4493-4F85-975D-2DAC8C7BDB27}.Release|x64.Build.0 = Release|x64
		{AE095A11-4493-4F85-975D-2DAC8C7BDB27}.Release|x86.ActiveCfg = Release|x86
		{AE095A11-4493-4F85-975D-2DAC8C7BDB27}.Release|x86.Build.0 = Release|x86
		{041E48A1-08C3-47CE-BC26-3AFF2D11D6A2}.Debug|Any CPU.ActiveCfg = Debug|Any CPU
		{041E48A1-08C3-47CE-BC26-3AFF2D11D6A2}.Debug|Any CPU.Build.0 = Debug|Any CPU
		{041E48A1-08C3-47CE-BC26-3AFF2D11D6A2}.Debug|x64.ActiveCfg = Debug|x64
		{041E48A1-08C3-47CE-BC26-3AFF2D11D6A2}.Debug|x64.Build.0 = Debug|x64
		{041E48A1-08C3-47CE-BC26-3AFF2D11D6A2}.Debug|x86.ActiveCfg = Debug|x86
		{041E48A1-08C3-47CE-BC26-3AFF2D11D6A2}.Debug|x86.Build.0 = Debug|x86
		{041E48A1-08C3-47CE-BC26-3AFF2D11D6A2}.Release|Any CPU.ActiveCfg = Release|Any CPU
		{041E48A1-08C3-47CE-BC26-3AFF2D11D6A2}.Release|Any CPU.Build.0 = Release|Any CPU
		{041E48A1-08C3-47CE-BC26-3AFF2D11D6A2}.Release|x64.ActiveCfg = Release|x64
		{041E48A1-08C3-47CE-BC26-3AFF2D11D6A2}.Release|x64.Build.0 = Release|x64
		{041E48A1-08C3-47CE-BC26-3AFF2D11D6A2}.Release|x86.ActiveCfg = Release|x86
		{041E48A1-08C3-47CE-BC26-3AFF2D11D6A2}.Release|x86.Build.0 = Release|x86
		{86715BDD-74CC-4437-B0BC-9F1D72AA54D0}.Debug|Any CPU.ActiveCfg = Debug|Any CPU
		{86715BDD-74CC-4437-B0BC-9F1D72AA54D0}.Debug|Any CPU.Build.0 = Debug|Any CPU
		{86715BDD-74CC-4437-B0BC-9F1D72AA54D0}.Debug|x64.ActiveCfg = Debug|x64
		{86715BDD-74CC-4437-B0BC-9F1D72AA54D0}.Debug|x64.Build.0 = Debug|x64
		{86715BDD-74CC-4437-B0BC-9F1D72AA54D0}.Debug|x86.ActiveCfg = Debug|x86
		{86715BDD-74CC-4437-B0BC-9F1D72AA54D0}.Debug|x86.Build.0 = Debug|x86
		{86715BDD-74CC-4437-B0BC-9F1D72AA54D0}.Release|Any CPU.ActiveCfg = Release|Any CPU
		{86715BDD-74CC-4437-B0BC-9F1D72AA54D0}.Release|Any CPU.Build.0 = Release|Any CPU
		{86715BDD-74CC-4437-B0BC-9F1D72AA54D0}.Release|x64.ActiveCfg = Release|x64
		{86715BDD-74CC-4437-B0BC-9F1D72AA54D0}.Release|x64.Build.0 = Release|x64
		{86715BDD-74CC-4437-B0BC-9F1D72AA54D0}.Release|x86.ActiveCfg = Release|x86
		{86715BDD-74CC-4437-B0BC-9F1D72AA54D0}.Release|x86.Build.0 = Release|x86
		{4370D0F4-97A8-4772-9878-7A6A2C77BC38}.Debug|Any CPU.ActiveCfg = Debug|Any CPU
		{4370D0F4-97A8-4772-9878-7A6A2C77BC38}.Debug|Any CPU.Build.0 = Debug|Any CPU
		{4370D0F4-97A8-4772-9878-7A6A2C77BC38}.Debug|x64.ActiveCfg = Debug|x64
		{4370D0F4-97A8-4772-9878-7A6A2C77BC38}.Debug|x64.Build.0 = Debug|x64
		{4370D0F4-97A8-4772-9878-7A6A2C77BC38}.Debug|x86.ActiveCfg = Debug|x86
		{4370D0F4-97A8-4772-9878-7A6A2C77BC38}.Debug|x86.Build.0 = Debug|x86
		{4370D0F4-97A8-4772-9878-7A6A2C77BC38}.Release|Any CPU.ActiveCfg = Release|Any CPU
		{4370D0F4-97A8-4772-9878-7A6A2C77BC38}.Release|Any CPU.Build.0 = Release|Any CPU
		{4370D0F4-97A8-4772-9878-7A6A2C77BC38}.Release|x64.ActiveCfg = Release|x64
		{4370D0F4-97A8-4772-9878-7A6A2C77BC38}.Release|x64.Build.0 = Release|x64
		{4370D0F4-97A8-4772-9878-7A6A2C77BC38}.Release|x86.ActiveCfg = Release|x86
		{4370D0F4-97A8-4772-9878-7A6A2C77BC38}.Release|x86.Build.0 = Release|x86
		{DC1BD6EB-9CF3-4D23-8CC9-F7E8A7717785}.Debug|Any CPU.ActiveCfg = Debug|Any CPU
		{DC1BD6EB-9CF3-4D23-8CC9-F7E8A7717785}.Debug|Any CPU.Build.0 = Debug|Any CPU
		{DC1BD6EB-9CF3-4D23-8CC9-F7E8A7717785}.Debug|x64.ActiveCfg = Debug|x64
		{DC1BD6EB-9CF3-4D23-8CC9-F7E8A7717785}.Debug|x64.Build.0 = Debug|x64
		{DC1BD6EB-9CF3-4D23-8CC9-F7E8A7717785}.Debug|x86.ActiveCfg = Debug|x86
		{DC1BD6EB-9CF3-4D23-8CC9-F7E8A7717785}.Debug|x86.Build.0 = Debug|x86
		{DC1BD6EB-9CF3-4D23-8CC9-F7E8A7717785}.Release|Any CPU.ActiveCfg = Release|Any CPU
		{DC1BD6EB-9CF3-4D23-8CC9-F7E8A7717785}.Release|Any CPU.Build.0 = Release|Any CPU
		{DC1BD6EB-9CF3-4D23-8CC9-F7E8A7717785}.Release|x64.ActiveCfg = Release|x64
		{DC1BD6EB-9CF3-4D23-8CC9-F7E8A7717785}.Release|x64.Build.0 = Release|x64
		{DC1BD6EB-9CF3-4D23-8CC9-F7E8A7717785}.Release|x86.ActiveCfg = Release|x86
		{DC1BD6EB-9CF3-4D23-8CC9-F7E8A7717785}.Release|x86.Build.0 = Release|x86
	EndGlobalSection
	GlobalSection(SolutionProperties) = preSolution
		HideSolutionNode = FALSE
	EndGlobalSection
	GlobalSection(ExtensibilityGlobals) = postSolution
		SolutionGuid = {837BCE66-A9EE-49B7-A82E-47FA14030BDE}
	EndGlobalSection
EndGlobal
